PODS:
  - Alamofire (4.0.1)
  - PromiseKit/CorePromise (4.0.4)
  - PromiseKit/UIKit (4.0.4):
    - PromiseKit/CorePromise
  - UsabillaFeedbackForm (3.0.0):
    - Alamofire (~> 4.0.0)
    - PromiseKit/CorePromise (~> 4.0.0)
    - PromiseKit/UIKit (~> 4.0.0)

DEPENDENCIES:
  - UsabillaFeedbackForm (~> 3.0)

SPEC CHECKSUMS:
  Alamofire: 7682d43245de14874acd142ec137b144aa1dd335
  PromiseKit: 8e8ee39d33ff199d92a1a883b5396f6285be6c91
  UsabillaFeedbackForm: c9707dbe04fefbc9c030f11febce73016f721b7f

PODFILE CHECKSUM: ad1419c7cb93ddbb74be802cdf3c75eb3c6bddc5

COCOAPODS: 1.1.1
